
Microsoft Visual Studio Solution File, Format Version 12.00
# Visual Studio 15
VisualStudioVersion = 15.0.28010.2036
MinimumVisualStudioVersion = 10.0.40219.1
Project("{FAE04EC0-301F-11D3-BF4B-00C04F79EFBC}") = "AbbeyMotors", "AbbeyMotors\AbbeyMotors.csproj", "{C116F5AC-D2B4-4D83-8215-8DD1255B7B36}"
EndProject
Global
	GlobalSection(SolutionConfigurationPlatforms) = preSolution
		Debug|Any CPU = Debug|Any CPU
		Release|Any CPU = Release|Any CPU
	EndGlobalSection
	GlobalSection(ProjectConfigurationPlatforms) = postSolution
		{C116F5AC-D2B4-4D83-8215-8DD1255B7B36}.Debug|Any CPU.ActiveCfg = Debug|Any CPU
		{C116F5AC-D2B4-4D83-8215-8DD1255B7B36}.Debug|Any CPU.Build.0 = Debug|Any CPU
		{C116F5AC-D2B4-4D83-8215-8DD1255B7B36}.Release|Any CPU.ActiveCfg = Release|Any CPU
		{C116F5AC-D2B4-4D83-8215-8DD1255B7B36}.Release|Any CPU.Build.0 = Release|Any CPU
	EndGlobalSection
	GlobalSection(SolutionProperties) = preSolution
		HideSolutionNode = FALSE
	EndGlobalSection
	GlobalSection(ExtensibilityGlobals) = postSolution
		SolutionGuid = {D3033668-86D6-4DA2-8828-8A2B8EDBF806}
	EndGlobalSection
EndGlobal
